
Microsoft Visual Studio Solution File, Format Version 12.00
# Visual Studio 15
VisualStudioVersion = 15.0.27703.2000
MinimumVisualStudioVersion = 10.0.40219.1
Project("{FAE04EC0-301F-11D3-BF4B-00C04F79EFBC}") = "ConsoleApp", "ConsoleApp\ConsoleApp.csproj", "{F4B0CC67-424B-4E05-A69E-C4C4A4FE35F4}"
EndProject
Project("{FAE04EC0-301F-11D3-BF4B-00C04F79EFBC}") = "ConsoleApp.Test", "ConsoleApp.Test\ConsoleApp.Test.csproj", "{CE760ECC-A59D-4073-A255-6CC202C959AB}"
EndProject
Project("{FAE04EC0-301F-11D3-BF4B-00C04F79EFBC}") = "ConsoleApp.Extension", "ConsoleApp.Extension\ConsoleApp.Extension.csproj", "{42F77187-50AA-41CC-91CA-92379019A725}"
EndProject
Project("{FAE04EC0-301F-11D3-BF4B-00C04F79EFBC}") = "Shape.Circle", "Shape.Circle\Shape.Circle.csproj", "{62ECDEAB-B9BE-4F53-BC25-3A8E4680238D}"
EndProject
Project("{FAE04EC0-301F-11D3-BF4B-00C04F79EFBC}") = "ConsoleApp.Interface", "ConsoleApp.Interfaces\ConsoleApp.Interface.csproj", "{314F24B3-FE3F-439F-AF8C-42815B9A731A}"
EndProject
Project("{FAE04EC0-301F-11D3-BF4B-00C04F79EFBC}") = "Shape.Square", "Shape.Square\Shape.Square.csproj", "{78254E16-0D96-4A72-AB8F-0883106C32A9}"
EndProject
Project("{FAE04EC0-301F-11D3-BF4B-00C04F79EFBC}") = "Shape.Triangle", "Shape.Triangle\Shape.Triangle.csproj", "{242AE226-B420-490D-B754-15C1F0BCA269}"
EndProject
Project("{FAE04EC0-301F-11D3-BF4B-00C04F79EFBC}") = "Shape.Parallelogram", "Shape.Parallelogram\Shape.Parallelogram.csproj", "{B1792F02-447C-4FE2-BA7F-D5B8354B388D}"
EndProject
Project("{FAE04EC0-301F-11D3-BF4B-00C04F79EFBC}") = "Shape.AllShapes", "Shape.AllShapes\Shape.AllShapes.csproj", "{D6BDDB2F-B654-483C-9E47-C9DDF38A7685}"
EndProject
Global
	GlobalSection(SolutionConfigurationPlatforms) = preSolution
		Debug|Any CPU = Debug|Any CPU
		Release|Any CPU = Release|Any CPU
	EndGlobalSection
	GlobalSection(ProjectConfigurationPlatforms) = postSolution
		{F4B0CC67-424B-4E05-A69E-C4C4A4FE35F4}.Debug|Any CPU.ActiveCfg = Debug|Any CPU
		{F4B0CC67-424B-4E05-A69E-C4C4A4FE35F4}.Debug|Any CPU.Build.0 = Debug|Any CPU
		{F4B0CC67-424B-4E05-A69E-C4C4A4FE35F4}.Release|Any CPU.ActiveCfg = Release|Any CPU
		{F4B0CC67-424B-4E05-A69E-C4C4A4FE35F4}.Release|Any CPU.Build.0 = Release|Any CPU
		{CE760ECC-A59D-4073-A255-6CC202C959AB}.Debug|Any CPU.ActiveCfg = Debug|Any CPU
		{CE760ECC-A59D-4073-A255-6CC202C959AB}.Debug|Any CPU.Build.0 = Debug|Any CPU
		{CE760ECC-A59D-4073-A255-6CC202C959AB}.Release|Any CPU.ActiveCfg = Release|Any CPU
		{CE760ECC-A59D-4073-A255-6CC202C959AB}.Release|Any CPU.Build.0 = Release|Any CPU
		{42F77187-50AA-41CC-91CA-92379019A725}.Debug|Any CPU.ActiveCfg = Debug|Any CPU
		{42F77187-50AA-41CC-91CA-92379019A725}.Debug|Any CPU.Build.0 = Debug|Any CPU
		{42F77187-50AA-41CC-91CA-92379019A725}.Release|Any CPU.ActiveCfg = Release|Any CPU
		{42F77187-50AA-41CC-91CA-92379019A725}.Release|Any CPU.Build.0 = Release|Any CPU
		{62ECDEAB-B9BE-4F53-BC25-3A8E4680238D}.Debug|Any CPU.ActiveCfg = Debug|Any CPU
		{62ECDEAB-B9BE-4F53-BC25-3A8E4680238D}.Debug|Any CPU.Build.0 = Debug|Any CPU
		{62ECDEAB-B9BE-4F53-BC25-3A8E4680238D}.Release|Any CPU.ActiveCfg = Release|Any CPU
		{62ECDEAB-B9BE-4F53-BC25-3A8E4680238D}.Release|Any CPU.Build.0 = Release|Any CPU
		{314F24B3-FE3F-439F-AF8C-42815B9A731A}.Debug|Any CPU.ActiveCfg = Debug|Any CPU
		{314F24B3-FE3F-439F-AF8C-42815B9A731A}.Debug|Any CPU.Build.0 = Debug|Any CPU
		{314F24B3-FE3F-439F-AF8C-42815B9A731A}.Release|Any CPU.ActiveCfg = Release|Any CPU
		{314F24B3-FE3F-439F-AF8C-42815B9A731A}.Release|Any CPU.Build.0 = Release|Any CPU
		{78254E16-0D96-4A72-AB8F-0883106C32A9}.Debug|Any CPU.ActiveCfg = Debug|Any CPU
		{78254E16-0D96-4A72-AB8F-0883106C32A9}.Debug|Any CPU.Build.0 = Debug|Any CPU
		{78254E16-0D96-4A72-AB8F-0883106C32A9}.Release|Any CPU.ActiveCfg = Release|Any CPU
		{78254E16-0D96-4A72-AB8F-0883106C32A9}.Release|Any CPU.Build.0 = Release|Any CPU
		{242AE226-B420-490D-B754-15C1F0BCA269}.Debug|Any CPU.ActiveCfg = Debug|Any CPU
		{242AE226-B420-490D-B754-15C1F0BCA269}.Debug|Any CPU.Build.0 = Debug|Any CPU
		{242AE226-B420-490D-B754-15C1F0BCA269}.Release|Any CPU.ActiveCfg = Release|Any CPU
		{242AE226-B420-490D-B754-15C1F0BCA269}.Release|Any CPU.Build.0 = Release|Any CPU
		{B1792F02-447C-4FE2-BA7F-D5B8354B388D}.Debug|Any CPU.ActiveCfg = Debug|Any CPU
		{B1792F02-447C-4FE2-BA7F-D5B8354B388D}.Debug|Any CPU.Build.0 = Debug|Any CPU
		{B1792F02-447C-4FE2-BA7F-D5B8354B388D}.Release|Any CPU.ActiveCfg = Release|Any CPU
		{B1792F02-447C-4FE2-BA7F-D5B8354B388D}.Release|Any CPU.Build.0 = Release|Any CPU
		{D6BDDB2F-B654-483C-9E47-C9DDF38A7685}.Debug|Any CPU.ActiveCfg = Debug|Any CPU
		{D6BDDB2F-B654-483C-9E47-C9DDF38A7685}.Debug|Any CPU.Build.0 = Debug|Any CPU
		{D6BDDB2F-B654-483C-9E47-C9DDF38A7685}.Release|Any CPU.ActiveCfg = Release|Any CPU
		{D6BDDB2F-B654-483C-9E47-C9DDF38A7685}.Release|Any CPU.Build.0 = Release|Any CPU
	EndGlobalSection
	GlobalSection(SolutionProperties) = preSolution
		HideSolutionNode = FALSE
	EndGlobalSection
	GlobalSection(ExtensibilityGlobals) = postSolution
		SolutionGuid = {AF2BD65C-F771-4229-9607-D0FCA62274F9}
	EndGlobalSection
EndGlobal
